
Microsoft Visual Studio Solution File, Format Version 12.00
# Visual Studio Version 16
VisualStudioVersion = 16.0.30717.126
MinimumVisualStudioVersion = 10.0.40219.1
Project("{FAE04EC0-301F-11D3-BF4B-00C04F79EFBC}") = "5951071080__NguyenQuangPhuoc", "5951071080__NguyenQuangPhuoc\5951071080__NguyenQuangPhuoc.csproj", "{E08BD54E-4AE5-408F-A16A-53A9F0686389}"
EndProject
Global
	GlobalSection(SolutionConfigurationPlatforms) = preSolution
		Debug|Any CPU = Debug|Any CPU
		Release|Any CPU = Release|Any CPU
	EndGlobalSection
	GlobalSection(ProjectConfigurationPlatforms) = postSolution
		{E08BD54E-4AE5-408F-A16A-53A9F0686389}.Debug|Any CPU.ActiveCfg = Debug|Any CPU
		{E08BD54E-4AE5-408F-A16A-53A9F0686389}.Debug|Any CPU.Build.0 = Debug|Any CPU
		{E08BD54E-4AE5-408F-A16A-53A9F0686389}.Release|Any CPU.ActiveCfg = Release|Any CPU
		{E08BD54E-4AE5-408F-A16A-53A9F0686389}.Release|Any CPU.Build.0 = Release|Any CPU
	EndGlobalSection
	GlobalSection(SolutionProperties) = preSolution
		HideSolutionNode = FALSE
	EndGlobalSection
	GlobalSection(ExtensibilityGlobals) = postSolution
		SolutionGuid = {EB7A5355-895D-482B-B5FA-63C9263E3B65}
	EndGlobalSection
EndGlobal
